
Microsoft Visual Studio Solution File, Format Version 12.00
# Visual Studio Version 18
VisualStudioVersion = 18.2.11415.280
MinimumVisualStudioVersion = 10.0.40219.1
Project("{2150E333-8FDC-42A3-9474-1A3956D46DE8}") = "Inventory", "Inventory", "{6B6A9D20-1EA0-9357-3B09-C6BC2B90364F}"
EndProject
Project("{FAE04EC0-301F-11D3-BF4B-00C04F79EFBC}") = "Inventory.API", "Inventory\Inventory.API\Inventory.API.csproj", "{DD2C13D0-5D9E-44B4-9122-34F50485C63C}"
EndProject
Project("{FAE04EC0-301F-11D3-BF4B-00C04F79EFBC}") = "Inventory.Application", "Inventory\Inventory.Application\Inventory.Application.csproj", "{1B25E981-2B25-442C-9B11-FE58E8B0C19C}"
EndProject
Project("{FAE04EC0-301F-11D3-BF4B-00C04F79EFBC}") = "Inventory.Domain", "Inventory\Inventory.Domain\Inventory.Domain.csproj", "{EA258494-546F-4341-AF3E-6AB2106C6A46}"
EndProject
Project("{FAE04EC0-301F-11D3-BF4B-00C04F79EFBC}") = "Inventory.Infrastructure", "Inventory\Inventory.Infrastructure\Inventory.Infrastructure.csproj", "{678DC8D1-B2D2-4081-B1F9-C2E27CC34EB1}"
EndProject
Project("{2150E333-8FDC-42A3-9474-1A3956D46DE8}") = "Identity", "Identity", "{2FA89949-C014-61E3-9766-4043502A0423}"
EndProject
Project("{FAE04EC0-301F-11D3-BF4B-00C04F79EFBC}") = "Identity.API", "Identity\Identity.API\Identity.API.csproj", "{A5CFC04C-2E5E-401E-9B99-A53C1E7A1C01}"
EndProject
Project("{FAE04EC0-301F-11D3-BF4B-00C04F79EFBC}") = "Identity.Application", "Identity\Identity.Application\Identity.Application.csproj", "{FE5F334F-42A8-462E-903E-F56989E3DFCC}"
EndProject
Project("{FAE04EC0-301F-11D3-BF4B-00C04F79EFBC}") = "Identity.Domain", "Identity\Identity.Domain\Identity.Domain.csproj", "{81B03336-8DDF-4C6D-ABA3-C3AA5D247EE8}"
EndProject
Project("{FAE04EC0-301F-11D3-BF4B-00C04F79EFBC}") = "Identity.Infrastructure", "Identity\Identity.Infrastructure\Identity.Infrastructure.csproj", "{319F285A-1998-413C-A375-921858E627A3}"
EndProject
Project("{2150E333-8FDC-42A3-9474-1A3956D46DE8}") = "Suppliers", "Suppliers", "{8D788C84-7459-BECA-72E8-1E1C2E9CEC5F}"
EndProject
Project("{FAE04EC0-301F-11D3-BF4B-00C04F79EFBC}") = "Suppliers.API", "Suppliers\Suppliers.API\Suppliers.API.csproj", "{3EBE9A85-EE77-456F-8F0D-F9272F87CEBF}"
EndProject
Project("{FAE04EC0-301F-11D3-BF4B-00C04F79EFBC}") = "Suppliers.Application", "Suppliers\Suppliers.Application\Suppliers.Application.csproj", "{91C58644-6187-4F08-8D27-F0080C3388ED}"
EndProject
Project("{FAE04EC0-301F-11D3-BF4B-00C04F79EFBC}") = "Suppliers.Domain", "Suppliers\Suppliers.Domain\Suppliers.Domain.csproj", "{B6EA3DD6-14B7-476B-8C8F-72E3F79FF400}"
EndProject
Project("{FAE04EC0-301F-11D3-BF4B-00C04F79EFBC}") = "Suppliers.Infrastructure", "Suppliers\Suppliers.Infrastructure\Suppliers.Infrastructure.csproj", "{C190BCC3-479D-414F-8444-DF14039A6195}"
EndProject
Project("{2150E333-8FDC-42A3-9474-1A3956D46DE8}") = "Customers", "Customers", "{9C23BEB0-C365-5515-141F-EE7A25C1AA0E}"
EndProject
Project("{FAE04EC0-301F-11D3-BF4B-00C04F79EFBC}") = "Customers.API", "Customers\Customers.API\Customers.API.csproj", "{AED996F7-0038-4DA4-995B-451C5E2E213B}"
EndProject
Project("{FAE04EC0-301F-11D3-BF4B-00C04F79EFBC}") = "Customers.Application", "Customers\Customers.Application\Customers.Application.csproj", "{067DCA67-ABC1-4277-8796-0D7ADCD7B021}"
EndProject
Project("{FAE04EC0-301F-11D3-BF4B-00C04F79EFBC}") = "Customers.Domain", "Customers\Customers.Domain\Customers.Domain.csproj", "{6C3EEE72-5242-4B50-94FF-D361731C9512}"
EndProject
Project("{FAE04EC0-301F-11D3-BF4B-00C04F79EFBC}") = "Customers.Infrastructure", "Customers\Customers.Infrastructure\Customers.Infrastructure.csproj", "{E90C3746-49C5-44B3-8408-82EA13334983}"
EndProject
Project("{2150E333-8FDC-42A3-9474-1A3956D46DE8}") = "Company", "Company", "{5F149FEA-634F-9274-BEF2-6D58BD1E55D2}"
EndProject
Project("{FAE04EC0-301F-11D3-BF4B-00C04F79EFBC}") = "Company.API", "Company\Company.API\Company.API.csproj", "{F0B77A9B-7273-4E06-9CDA-621733DE968B}"
EndProject
Project("{FAE04EC0-301F-11D3-BF4B-00C04F79EFBC}") = "Company.Application", "Company\Company.Application\Company.Application.csproj", "{B7F2FED3-E589-4FF4-86DF-EC7AA983CF76}"
EndProject
Project("{FAE04EC0-301F-11D3-BF4B-00C04F79EFBC}") = "Company.Domain", "Company\Company.Domain\Company.Domain.csproj", "{1A462AAA-F5DD-470A-BC55-B4399C6B4F97}"
EndProject
Project("{FAE04EC0-301F-11D3-BF4B-00C04F79EFBC}") = "Company.Infrastructure", "Company\Company.Infrastructure\Company.Infrastructure.csproj", "{4DD0EE9D-AFE5-4027-ABE6-9D180C4A1134}"
EndProject
Project("{2150E333-8FDC-42A3-9474-1A3956D46DE8}") = "Gateway", "Gateway", "{E7BDDBC6-9FD1-D1D7-ACD8-2C4F8E3D2461}"
EndProject
Project("{FAE04EC0-301F-11D3-BF4B-00C04F79EFBC}") = "Gateway.API", "Gateway\Gateway.API\Gateway.API.csproj", "{DD5AD02A-2661-4B24-A728-9239742E02E8}"
EndProject
Global
	GlobalSection(SolutionConfigurationPlatforms) = preSolution
		Debug|Any CPU = Debug|Any CPU
		Debug|x64 = Debug|x64
		Debug|x86 = Debug|x86
		Release|Any CPU = Release|Any CPU
		Release|x64 = Release|x64
		Release|x86 = Release|x86
	EndGlobalSection
	GlobalSection(ProjectConfigurationPlatforms) = postSolution
		{DD2C13D0-5D9E-44B4-9122-34F50485C63C}.Debug|Any CPU.ActiveCfg = Debug|Any CPU
		{DD2C13D0-5D9E-44B4-9122-34F50485C63C}.Debug|Any CPU.Build.0 = Debug|Any CPU
		{DD2C13D0-5D9E-44B4-9122-34F50485C63C}.Debug|x64.ActiveCfg = Debug|Any CPU
		{DD2C13D0-5D9E-44B4-9122-34F50485C63C}.Debug|x64.Build.0 = Debug|Any CPU
		{DD2C13D0-5D9E-44B4-9122-34F50485C63C}.Debug|x86.ActiveCfg = Debug|Any CPU
		{DD2C13D0-5D9E-44B4-9122-34F50485C63C}.Debug|x86.Build.0 = Debug|Any CPU
		{DD2C13D0-5D9E-44B4-9122-34F50485C63C}.Release|Any CPU.ActiveCfg = Release|Any CPU
		{DD2C13D0-5D9E-44B4-9122-34F50485C63C}.Release|Any CPU.Build.0 = Release|Any CPU
		{DD2C13D0-5D9E-44B4-9122-34F50485C63C}.Release|x64.ActiveCfg = Release|Any CPU
		{DD2C13D0-5D9E-44B4-9122-34F50485C63C}.Release|x64.Build.0 = Release|Any CPU
		{DD2C13D0-5D9E-44B4-9122-34F50485C63C}.Release|x86.ActiveCfg = Release|Any CPU
		{DD2C13D0-5D9E-44B4-9122-34F50485C63C}.Release|x86.Build.0 = Release|Any CPU
		{1B25E981-2B25-442C-9B11-FE58E8B0C19C}.Debug|Any CPU.ActiveCfg = Debug|Any CPU
		{1B25E981-2B25-442C-9B11-FE58E8B0C19C}.Debug|Any CPU.Build.0 = Debug|Any CPU
		{1B25E981-2B25-442C-9B11-FE58E8B0C19C}.Debug|x64.ActiveCfg = Debug|Any CPU
		{1B25E981-2B25-442C-9B11-FE58E8B0C19C}.Debug|x64.Build.0 = Debug|Any CPU
		{1B25E981-2B25-442C-9B11-FE58E8B0C19C}.Debug|x86.ActiveCfg = Debug|Any CPU
		{1B25E981-2B25-442C-9B11-FE58E8B0C19C}.Debug|x86.Build.0 = Debug|Any CPU
		{1B25E981-2B25-442C-9B11-FE58E8B0C19C}.Release|Any CPU.ActiveCfg = Release|Any CPU
		{1B25E981-2B25-442C-9B11-FE58E8B0C19C}.Release|Any CPU.Build.0 = Release|Any CPU
		{1B25E981-2B25-442C-9B11-FE58E8B0C19C}.Release|x64.ActiveCfg = Release|Any CPU
		{1B25E981-2B25-442C-9B11-FE58E8B0C19C}.Release|x64.Build.0 = Release|Any CPU
		{1B25E981-2B25-442C-9B11-FE58E8B0C19C}.Release|x86.ActiveCfg = Release|Any CPU
		{1B25E981-2B25-442C-9B11-FE58E8B0C19C}.Release|x86.Build.0 = Release|Any CPU
		{EA258494-546F-4341-AF3E-6AB2106C6A46}.Debug|Any CPU.ActiveCfg = Debug|Any CPU
		{EA258494-546F-4341-AF3E-6AB2106C6A46}.Debug|Any CPU.Build.0 = Debug|Any CPU
		{EA258494-546F-4341-AF3E-6AB2106C6A46}.Debug|x64.ActiveCfg = Debug|Any CPU
		{EA258494-546F-4341-AF3E-6AB2106C6A46}.Debug|x64.Build.0 = Debug|Any CPU
		{EA258494-546F-4341-AF3E-6AB2106C6A46}.Debug|x86.ActiveCfg = Debug|Any CPU
		{EA258494-546F-4341-AF3E-6AB2106C6A46}.Debug|x86.Build.0 = Debug|Any CPU
		{EA258494-546F-4341-AF3E-6AB2106C6A46}.Release|Any CPU.ActiveCfg = Release|Any CPU
		{EA258494-546F-4341-AF3E-6AB2106C6A46}.Release|Any CPU.Build.0 = Release|Any CPU
		{EA258494-546F-4341-AF3E-6AB2106C6A46}.Release|x64.ActiveCfg = Release|Any CPU
		{EA258494-546F-4341-AF3E-6AB2106C6A46}.Release|x64.Build.0 = Release|Any CPU
		{EA258494-546F-4341-AF3E-6AB2106C6A46}.Release|x86.ActiveCfg = Release|Any CPU
		{EA258494-546F-4341-AF3E-6AB2106C6A46}.Release|x86.Build.0 = Release|Any CPU
		{678DC8D1-B2D2-4081-B1F9-C2E27CC34EB1}.Debug|Any CPU.ActiveCfg = Debug|Any CPU
		{678DC8D1-B2D2-4081-B1F9-C2E27CC34EB1}.Debug|Any CPU.Build.0 = Debug|Any CPU
		{678DC8D1-B2D2-4081-B1F9-C2E27CC34EB1}.Debug|x64.ActiveCfg = Debug|Any CPU
		{678DC8D1-B2D2-4081-B1F9-C2E27CC34EB1}.Debug|x64.Build.0 = Debug|Any CPU
		{678DC8D1-B2D2-4081-B1F9-C2E27CC34EB1}.Debug|x86.ActiveCfg = Debug|Any CPU
		{678DC8D1-B2D2-4081-B1F9-C2E27CC34EB1}.Debug|x86.Build.0 = Debug|Any CPU
		{678DC8D1-B2D2-4081-B1F9-C2E27CC34EB1}.Release|Any CPU.ActiveCfg = Release|Any CPU
		{678DC8D1-B2D2-4081-B1F9-C2E27CC34EB1}.Release|Any CPU.Build.0 = Release|Any CPU
		{678DC8D1-B2D2-4081-B1F9-C2E27CC34EB1}.Release|x64.ActiveCfg = Release|Any CPU
		{678DC8D1-B2D2-4081-B1F9-C2E27CC34EB1}.Release|x64.Build.0 = Release|Any CPU
		{678DC8D1-B2D2-4081-B1F9-C2E27CC34EB1}.Release|x86.ActiveCfg = Release|Any CPU
		{678DC8D1-B2D2-4081-B1F9-C2E27CC34EB1}.Release|x86.Build.0 = Release|Any CPU
		{A5CFC04C-2E5E-401E-9B99-A53C1E7A1C01}.Debug|Any CPU.ActiveCfg = Debug|Any CPU
		{A5CFC04C-2E5E-401E-9B99-A53C1E7A1C01}.Debug|Any CPU.Build.0 = Debug|Any CPU
		{A5CFC04C-2E5E-401E-9B99-A53C1E7A1C01}.Debug|x64.ActiveCfg = Debug|Any CPU
		{A5CFC04C-2E5E-401E-9B99-A53C1E7A1C01}.Debug|x64.Build.0 = Debug|Any CPU
		{A5CFC04C-2E5E-401E-9B99-A53C1E7A1C01}.Debug|x86.ActiveCfg = Debug|Any CPU
		{A5CFC04C-2E5E-401E-9B99-A53C1E7A1C01}.Debug|x86.Build.0 = Debug|Any CPU
		{A5CFC04C-2E5E-401E-9B99-A53C1E7A1C01}.Release|Any CPU.ActiveCfg = Release|Any CPU
		{A5CFC04C-2E5E-401E-9B99-A53C1E7A1C01}.Release|Any CPU.Build.0 = Release|Any CPU
		{A5CFC04C-2E5E-401E-9B99-A53C1E7A1C01}.Release|x64.ActiveCfg = Release|Any CPU
		{A5CFC04C-2E5E-401E-9B99-A53C1E7A1C01}.Release|x64.Build.0 = Release|Any CPU
		{A5CFC04C-2E5E-401E-9B99-A53C1E7A1C01}.Release|x86.ActiveCfg = Release|Any CPU
		{A5CFC04C-2E5E-401E-9B99-A53C1E7A1C01}.Release|x86.Build.0 = Release|Any CPU
		{FE5F334F-42A8-462E-903E-F56989E3DFCC}.Debug|Any CPU.ActiveCfg = Debug|Any CPU
		{FE5F334F-42A8-462E-903E-F56989E3DFCC}.Debug|Any CPU.Build.0 = Debug|Any CPU
		{FE5F334F-42A8-462E-903E-F56989E3DFCC}.Debug|x64.ActiveCfg = Debug|Any CPU
		{FE5F334F-42A8-462E-903E-F56989E3DFCC}.Debug|x64.Build.0 = Debug|Any CPU
		{FE5F334F-42A8-462E-903E-F56989E3DFCC}.Debug|x86.ActiveCfg = Debug|Any CPU
		{FE5F334F-42A8-462E-903E-F56989E3DFCC}.Debug|x86.Build.0 = Debug|Any CPU
		{FE5F334F-42A8-462E-903E-F56989E3DFCC}.Release|Any CPU.ActiveCfg = Release|Any CPU
		{FE5F334F-42A8-462E-903E-F56989E3DFCC}.Release|Any CPU.Build.0 = Release|Any CPU
		{FE5F334F-42A8-462E-903E-F56989E3DFCC}.Release|x64.ActiveCfg = Release|Any CPU
		{FE5F334F-42A8-462E-903E-F56989E3DFCC}.Release|x64.Build.0 = Release|Any CPU
		{FE5F334F-42A8-462E-903E-F56989E3DFCC}.Release|x86.ActiveCfg = Release|Any CPU
		{FE5F334F-42A8-462E-903E-F56989E3DFCC}.Release|x86.Build.0 = Release|Any CPU
		{81B03336-8DDF-4C6D-ABA3-C3AA5D247EE8}.Debug|Any CPU.ActiveCfg = Debug|Any CPU
		{81B03336-8DDF-4C6D-ABA3-C3AA5D247EE8}.Debug|Any CPU.Build.0 = Debug|Any CPU
		{81B03336-8DDF-4C6D-ABA3-C3AA5D247EE8}.Debug|x64.ActiveCfg = Debug|Any CPU
		{81B03336-8DDF-4C6D-ABA3-C3AA5D247EE8}.Debug|x64.Build.0 = Debug|Any CPU
		{81B03336-8DDF-4C6D-ABA3-C3AA5D247EE8}.Debug|x86.ActiveCfg = Debug|Any CPU
		{81B03336-8DDF-4C6D-ABA3-C3AA5D247EE8}.Debug|x86.Build.0 = Debug|Any CPU
		{81B03336-8DDF-4C6D-ABA3-C3AA5D247EE8}.Release|Any CPU.ActiveCfg = Release|Any CPU
		{81B03336-8DDF-4C6D-ABA3-C3AA5D247EE8}.Release|Any CPU.Build.0 = Release|Any CPU
		{81B03336-8DDF-4C6D-ABA3-C3AA5D247EE8}.Release|x64.ActiveCfg = Release|Any CPU
		{81B03336-8DDF-4C6D-ABA3-C3AA5D247EE8}.Release|x64.Build.0 = Release|Any CPU
		{81B03336-8DDF-4C6D-ABA3-C3AA5D247EE8}.Release|x86.ActiveCfg = Release|Any CPU
		{81B03336-8DDF-4C6D-ABA3-C3AA5D247EE8}.Release|x86.Build.0 = Release|Any CPU
		{319F285A-1998-413C-A375-921858E627A3}.Debug|Any CPU.ActiveCfg = Debug|Any CPU
		{319F285A-1998-413C-A375-921858E627A3}.Debug|Any CPU.Build.0 = Debug|Any CPU
		{319F285A-1998-413C-A375-921858E627A3}.Debug|x64.ActiveCfg = Debug|Any CPU
		{319F285A-1998-413C-A375-921858E627A3}.Debug|x64.Build.0 = Debug|Any CPU
		{319F285A-1998-413C-A375-921858E627A3}.Debug|x86.ActiveCfg = Debug|Any CPU
		{319F285A-1998-413C-A375-921858E627A3}.Debug|x86.Build.0 = Debug|Any CPU
		{319F285A-1998-413C-A375-921858E627A3}.Release|Any CPU.ActiveCfg = Release|Any CPU
		{319F285A-1998-413C-A375-921858E627A3}.Release|Any CPU.Build.0 = Release|Any CPU
		{319F285A-1998-413C-A375-921858E627A3}.Release|x64.ActiveCfg = Release|Any CPU
		{319F285A-1998-413C-A375-921858E627A3}.Release|x64.Build.0 = Release|Any CPU
		{319F285A-1998-413C-A375-921858E627A3}.Release|x86.ActiveCfg = Release|Any CPU
		{319F285A-1998-413C-A375-921858E627A3}.Release|x86.Build.0 = Release|Any CPU
		{3EBE9A85-EE77-456F-8F0D-F9272F87CEBF}.Debug|Any CPU.ActiveCfg = Debug|Any CPU
		{3EBE9A85-EE77-456F-8F0D-F9272F87CEBF}.Debug|Any CPU.Build.0 = Debug|Any CPU
		{3EBE9A85-EE77-456F-8F0D-F9272F87CEBF}.Debug|x64.ActiveCfg = Debug|Any CPU
		{3EBE9A85-EE77-456F-8F0D-F9272F87CEBF}.Debug|x64.Build.0 = Debug|Any CPU
		{3EBE9A85-EE77-456F-8F0D-F9272F87CEBF}.Debug|x86.ActiveCfg = Debug|Any CPU
		{3EBE9A85-EE77-456F-8F0D-F9272F87CEBF}.Debug|x86.Build.0 = Debug|Any CPU
		{3EBE9A85-EE77-456F-8F0D-F9272F87CEBF}.Release|Any CPU.ActiveCfg = Release|Any CPU
		{3EBE9A85-EE77-456F-8F0D-F9272F87CEBF}.Release|Any CPU.Build.0 = Release|Any CPU
		{3EBE9A85-EE77-456F-8F0D-F9272F87CEBF}.Release|x64.ActiveCfg = Release|Any CPU
		{3EBE9A85-EE77-456F-8F0D-F9272F87CEBF}.Release|x64.Build.0 = Release|Any CPU
		{3EBE9A85-EE77-456F-8F0D-F9272F87CEBF}.Release|x86.ActiveCfg = Release|Any CPU
		{3EBE9A85-EE77-456F-8F0D-F9272F87CEBF}.Release|x86.Build.0 = Release|Any CPU
		{91C58644-6187-4F08-8D27-F0080C3388ED}.Debug|Any CPU.ActiveCfg = Debug|Any CPU
		{91C58644-6187-4F08-8D27-F0080C3388ED}.Debug|Any CPU.Build.0 = Debug|Any CPU
		{91C58644-6187-4F08-8D27-F0080C3388ED}.Debug|x64.ActiveCfg = Debug|Any CPU
		{91C58644-6187-4F08-8D27-F0080C3388ED}.Debug|x64.Build.0 = Debug|Any CPU
		{91C58644-6187-4F08-8D27-F0080C3388ED}.Debug|x86.ActiveCfg = Debug|Any CPU
		{91C58644-6187-4F08-8D27-F0080C3388ED}.Debug|x86.Build.0 = Debug|Any CPU
		{91C58644-6187-4F08-8D27-F0080C3388ED}.Release|Any CPU.ActiveCfg = Release|Any CPU
		{91C58644-6187-4F08-8D27-F0080C3388ED}.Release|Any CPU.Build.0 = Release|Any CPU
		{91C58644-6187-4F08-8D27-F0080C3388ED}.Release|x64.ActiveCfg = Release|Any CPU
		{91C58644-6187-4F08-8D27-F0080C3388ED}.Release|x64.Build.0 = Release|Any CPU
		{91C58644-6187-4F08-8D27-F0080C3388ED}.Release|x86.ActiveCfg = Release|Any CPU
		{91C58644-6187-4F08-8D27-F0080C3388ED}.Release|x86.Build.0 = Release|Any CPU
		{B6EA3DD6-14B7-476B-8C8F-72E3F79FF400}.Debug|Any CPU.ActiveCfg = Debug|Any CPU
		{B6EA3DD6-14B7-476B-8C8F-72E3F79FF400}.Debug|Any CPU.Build.0 = Debug|Any CPU
		{B6EA3DD6-14B7-476B-8C8F-72E3F79FF400}.Debug|x64.ActiveCfg = Debug|Any CPU
		{B6EA3DD6-14B7-476B-8C8F-72E3F79FF400}.Debug|x64.Build.0 = Debug|Any CPU
		{B6EA3DD6-14B7-476B-8C8F-72E3F79FF400}.Debug|x86.ActiveCfg = Debug|Any CPU
		{B6EA3DD6-14B7-476B-8C8F-72E3F79FF400}.Debug|x86.Build.0 = Debug|Any CPU
		{B6EA3DD6-14B7-476B-8C8F-72E3F79FF400}.Release|Any CPU.ActiveCfg = Release|Any CPU
		{B6EA3DD6-14B7-476B-8C8F-72E3F79FF400}.Release|Any CPU.Build.0 = Release|Any CPU
		{B6EA3DD6-14B7-476B-8C8F-72E3F79FF400}.Release|x64.ActiveCfg = Release|Any CPU
		{B6EA3DD6-14B7-476B-8C8F-72E3F79FF400}.Release|x64.Build.0 = Release|Any CPU
		{B6EA3DD6-14B7-476B-8C8F-72E3F79FF400}.Release|x86.ActiveCfg = Release|Any CPU
		{B6EA3DD6-14B7-476B-8C8F-72E3F79FF400}.Release|x86.Build.0 = Release|Any CPU
		{C190BCC3-479D-414F-8444-DF14039A6195}.Debug|Any CPU.ActiveCfg = Debug|Any CPU
		{C190BCC3-479D-414F-8444-DF14039A6195}.Debug|Any CPU.Build.0 = Debug|Any CPU
		{C190BCC3-479D-414F-8444-DF14039A6195}.Debug|x64.ActiveCfg = Debug|Any CPU
		{C190BCC3-479D-414F-8444-DF14039A6195}.Debug|x64.Build.0 = Debug|Any CPU
		{C190BCC3-479D-414F-8444-DF14039A6195}.Debug|x86.ActiveCfg = Debug|Any CPU
		{C190BCC3-479D-414F-8444-DF14039A6195}.Debug|x86.Build.0 = Debug|Any CPU
		{C190BCC3-479D-414F-8444-DF14039A6195}.Release|Any CPU.ActiveCfg = Release|Any CPU
		{C190BCC3-479D-414F-8444-DF14039A6195}.Release|Any CPU.Build.0 = Release|Any CPU
		{C190BCC3-479D-414F-8444-DF14039A6195}.Release|x64.ActiveCfg = Release|Any CPU
		{C190BCC3-479D-414F-8444-DF14039A6195}.Release|x64.Build.0 = Release|Any CPU
		{C190BCC3-479D-414F-8444-DF14039A6195}.Release|x86.ActiveCfg = Release|Any CPU
		{C190BCC3-479D-414F-8444-DF14039A6195}.Release|x86.Build.0 = Release|Any CPU
		{AED996F7-0038-4DA4-995B-451C5E2E213B}.Debug|Any CPU.ActiveCfg = Debug|Any CPU
		{AED996F7-0038-4DA4-995B-451C5E2E213B}.Debug|Any CPU.Build.0 = Debug|Any CPU
		{AED996F7-0038-4DA4-995B-451C5E2E213B}.Debug|x64.ActiveCfg = Debug|Any CPU
		{AED996F7-0038-4DA4-995B-451C5E2E213B}.Debug|x64.Build.0 = Debug|Any CPU
		{AED996F7-0038-4DA4-995B-451C5E2E213B}.Debug|x86.ActiveCfg = Debug|Any CPU
		{AED996F7-0038-4DA4-995B-451C5E2E213B}.Debug|x86.Build.0 = Debug|Any CPU
		{AED996F7-0038-4DA4-995B-451C5E2E213B}.Release|Any CPU.ActiveCfg = Release|Any CPU
		{AED996F7-0038-4DA4-995B-451C5E2E213B}.Release|Any CPU.Build.0 = Release|Any CPU
		{AED996F7-0038-4DA4-995B-451C5E2E213B}.Release|x64.ActiveCfg = Release|Any CPU
		{AED996F7-0038-4DA4-995B-451C5E2E213B}.Release|x64.Build.0 = Release|Any CPU
		{AED996F7-0038-4DA4-995B-451C5E2E213B}.Release|x86.ActiveCfg = Release|Any CPU
		{AED996F7-0038-4DA4-995B-451C5E2E213B}.Release|x86.Build.0 = Release|Any CPU
		{067DCA67-ABC1-4277-8796-0D7ADCD7B021}.Debug|Any CPU.ActiveCfg = Debug|Any CPU
		{067DCA67-ABC1-4277-8796-0D7ADCD7B021}.Debug|Any CPU.Build.0 = Debug|Any CPU
		{067DCA67-ABC1-4277-8796-0D7ADCD7B021}.Debug|x64.ActiveCfg = Debug|Any CPU
		{067DCA67-ABC1-4277-8796-0D7ADCD7B021}.Debug|x64.Build.0 = Debug|Any CPU
		{067DCA67-ABC1-4277-8796-0D7ADCD7B021}.Debug|x86.ActiveCfg = Debug|Any CPU
		{067DCA67-ABC1-4277-8796-0D7ADCD7B021}.Debug|x86.Build.0 = Debug|Any CPU
		{067DCA67-ABC1-4277-8796-0D7ADCD7B021}.Release|Any CPU.ActiveCfg = Release|Any CPU
		{067DCA67-ABC1-4277-8796-0D7ADCD7B021}.Release|Any CPU.Build.0 = Release|Any CPU
		{067DCA67-ABC1-4277-8796-0D7ADCD7B021}.Release|x64.ActiveCfg = Release|Any CPU
		{067DCA67-ABC1-4277-8796-0D7ADCD7B021}.Release|x64.Build.0 = Release|Any CPU
		{067DCA67-ABC1-4277-8796-0D7ADCD7B021}.Release|x86.ActiveCfg = Release|Any CPU
		{067DCA67-ABC1-4277-8796-0D7ADCD7B021}.Release|x86.Build.0 = Release|Any CPU
		{6C3EEE72-5242-4B50-94FF-D361731C9512}.Debug|Any CPU.ActiveCfg = Debug|Any CPU
		{6C3EEE72-5242-4B50-94FF-D361731C9512}.Debug|Any CPU.Build.0 = Debug|Any CPU
		{6C3EEE72-5242-4B50-94FF-D361731C9512}.Debug|x64.ActiveCfg = Debug|Any CPU
		{6C3EEE72-5242-4B50-94FF-D361731C9512}.Debug|x64.Build.0 = Debug|Any CPU
		{6C3EEE72-5242-4B50-94FF-D361731C9512}.Debug|x86.ActiveCfg = Debug|Any CPU
		{6C3EEE72-5242-4B50-94FF-D361731C9512}.Debug|x86.Build.0 = Debug|Any CPU
		{6C3EEE72-5242-4B50-94FF-D361731C9512}.Release|Any CPU.ActiveCfg = Release|Any CPU
		{6C3EEE72-5242-4B50-94FF-D361731C9512}.Release|Any CPU.Build.0 = Release|Any CPU
		{6C3EEE72-5242-4B50-94FF-D361731C9512}.Release|x64.ActiveCfg = Release|Any CPU
		{6C3EEE72-5242-4B50-94FF-D361731C9512}.Release|x64.Build.0 = Release|Any CPU
		{6C3EEE72-5242-4B50-94FF-D361731C9512}.Release|x86.ActiveCfg = Release|Any CPU
		{6C3EEE72-5242-4B50-94FF-D361731C9512}.Release|x86.Build.0 = Release|Any CPU
		{E90C3746-49C5-44B3-8408-82EA13334983}.Debug|Any CPU.ActiveCfg = Debug|Any CPU
		{E90C3746-49C5-44B3-8408-82EA13334983}.Debug|Any CPU.Build.0 = Debug|Any CPU
		{E90C3746-49C5-44B3-8408-82EA13334983}.Debug|x64.ActiveCfg = Debug|Any CPU
		{E90C3746-49C5-44B3-8408-82EA13334983}.Debug|x64.Build.0 = Debug|Any CPU
		{E90C3746-49C5-44B3-8408-82EA13334983}.Debug|x86.ActiveCfg = Debug|Any CPU
		{E90C3746-49C5-44B3-8408-82EA13334983}.Debug|x86.Build.0 = Debug|Any CPU
		{E90C3746-49C5-44B3-8408-82EA13334983}.Release|Any CPU.ActiveCfg = Release|Any CPU
		{E90C3746-49C5-44B3-8408-82EA13334983}.Release|Any CPU.Build.0 = Release|Any CPU
		{E90C3746-49C5-44B3-8408-82EA13334983}.Release|x64.ActiveCfg = Release|Any CPU
		{E90C3746-49C5-44B3-8408-82EA13334983}.Release|x64.Build.0 = Release|Any CPU
		{E90C3746-49C5-44B3-8408-82EA13334983}.Release|x86.ActiveCfg = Release|Any CPU
		{E90C3746-49C5-44B3-8408-82EA13334983}.Release|x86.Build.0 = Release|Any CPU
		{F0B77A9B-7273-4E06-9CDA-621733DE968B}.Debug|Any CPU.ActiveCfg = Debug|Any CPU
		{F0B77A9B-7273-4E06-9CDA-621733DE968B}.Debug|Any CPU.Build.0 = Debug|Any CPU
		{F0B77A9B-7273-4E06-9CDA-621733DE968B}.Debug|x64.ActiveCfg = Debug|Any CPU
		{F0B77A9B-7273-4E06-9CDA-621733DE968B}.Debug|x64.Build.0 = Debug|Any CPU
		{F0B77A9B-7273-4E06-9CDA-621733DE968B}.Debug|x86.ActiveCfg = Debug|Any CPU
		{F0B77A9B-7273-4E06-9CDA-621733DE968B}.Debug|x86.Build.0 = Debug|Any CPU
		{F0B77A9B-7273-4E06-9CDA-621733DE968B}.Release|Any CPU.ActiveCfg = Release|Any CPU
		{F0B77A9B-7273-4E06-9CDA-621733DE968B}.Release|Any CPU.Build.0 = Release|Any CPU
		{F0B77A9B-7273-4E06-9CDA-621733DE968B}.Release|x64.ActiveCfg = Release|Any CPU
		{F0B77A9B-7273-4E06-9CDA-621733DE968B}.Release|x64.Build.0 = Release|Any CPU
		{F0B77A9B-7273-4E06-9CDA-621733DE968B}.Release|x86.ActiveCfg = Release|Any CPU
		{F0B77A9B-7273-4E06-9CDA-621733DE968B}.Release|x86.Build.0 = Release|Any CPU
		{B7F2FED3-E589-4FF4-86DF-EC7AA983CF76}.Debug|Any CPU.ActiveCfg = Debug|Any CPU
		{B7F2FED3-E589-4FF4-86DF-EC7AA983CF76}.Debug|Any CPU.Build.0 = Debug|Any CPU
		{B7F2FED3-E589-4FF4-86DF-EC7AA983CF76}.Debug|x64.ActiveCfg = Debug|Any CPU
		{B7F2FED3-E589-4FF4-86DF-EC7AA983CF76}.Debug|x64.Build.0 = Debug|Any CPU
		{B7F2FED3-E589-4FF4-86DF-EC7AA983CF76}.Debug|x86.ActiveCfg = Debug|Any CPU
		{B7F2FED3-E589-4FF4-86DF-EC7AA983CF76}.Debug|x86.Build.0 = Debug|Any CPU
		{B7F2FED3-E589-4FF4-86DF-EC7AA983CF76}.Release|Any CPU.ActiveCfg = Release|Any CPU
		{B7F2FED3-E589-4FF4-86DF-EC7AA983CF76}.Release|Any CPU.Build.0 = Release|Any CPU
		{B7F2FED3-E589-4FF4-86DF-EC7AA983CF76}.Release|x64.ActiveCfg = Release|Any CPU
		{B7F2FED3-E589-4FF4-86DF-EC7AA983CF76}.Release|x64.Build.0 = Release|Any CPU
		{B7F2FED3-E589-4FF4-86DF-EC7AA983CF76}.Release|x86.ActiveCfg = Release|Any CPU
		{B7F2FED3-E589-4FF4-86DF-EC7AA983CF76}.Release|x86.Build.0 = Release|Any CPU
		{1A462AAA-F5DD-470A-BC55-B4399C6B4F97}.Debug|Any CPU.ActiveCfg = Debug|Any CPU
		{1A462AAA-F5DD-470A-BC55-B4399C6B4F97}.Debug|Any CPU.Build.0 = Debug|Any CPU
		{1A462AAA-F5DD-470A-BC55-B4399C6B4F97}.Debug|x64.ActiveCfg = Debug|Any CPU
		{1A462AAA-F5DD-470A-BC55-B4399C6B4F97}.Debug|x64.Build.0 = Debug|Any CPU
		{1A462AAA-F5DD-470A-BC55-B4399C6B4F97}.Debug|x86.ActiveCfg = Debug|Any CPU
		{1A462AAA-F5DD-470A-BC55-B4399C6B4F97}.Debug|x86.Build.0 = Debug|Any CPU
		{1A462AAA-F5DD-470A-BC55-B4399C6B4F97}.Release|Any CPU.ActiveCfg = Release|Any CPU
		{1A462AAA-F5DD-470A-BC55-B4399C6B4F97}.Release|Any CPU.Build.0 = Release|Any CPU
		{1A462AAA-F5DD-470A-BC55-B4399C6B4F97}.Release|x64.ActiveCfg = Release|Any CPU
		{1A462AAA-F5DD-470A-BC55-B4399C6B4F97}.Release|x64.Build.0 = Release|Any CPU
		{1A462AAA-F5DD-470A-BC55-B4399C6B4F97}.Release|x86.ActiveCfg = Release|Any CPU
		{1A462AAA-F5DD-470A-BC55-B4399C6B4F97}.Release|x86.Build.0 = Release|Any CPU
		{4DD0EE9D-AFE5-4027-ABE6-9D180C4A1134}.Debug|Any CPU.ActiveCfg = Debug|Any CPU
		{4DD0EE9D-AFE5-4027-ABE6-9D180C4A1134}.Debug|Any CPU.Build.0 = Debug|Any CPU
		{4DD0EE9D-AFE5-4027-ABE6-9D180C4A1134}.Debug|x64.ActiveCfg = Debug|Any CPU
		{4DD0EE9D-AFE5-4027-ABE6-9D180C4A1134}.Debug|x64.Build.0 = Debug|Any CPU
		{4DD0EE9D-AFE5-4027-ABE6-9D180C4A1134}.Debug|x86.ActiveCfg = Debug|Any CPU
		{4DD0EE9D-AFE5-4027-ABE6-9D180C4A1134}.Debug|x86.Build.0 = Debug|Any CPU
		{4DD0EE9D-AFE5-4027-ABE6-9D180C4A1134}.Release|Any CPU.ActiveCfg = Release|Any CPU
		{4DD0EE9D-AFE5-4027-ABE6-9D180C4A1134}.Release|Any CPU.Build.0 = Release|Any CPU
		{4DD0EE9D-AFE5-4027-ABE6-9D180C4A1134}.Release|x64.ActiveCfg = Release|Any CPU
		{4DD0EE9D-AFE5-4027-ABE6-9D180C4A1134}.Release|x64.Build.0 = Release|Any CPU
		{4DD0EE9D-AFE5-4027-ABE6-9D180C4A1134}.Release|x86.ActiveCfg = Release|Any CPU
		{4DD0EE9D-AFE5-4027-ABE6-9D180C4A1134}.Release|x86.Build.0 = Release|Any CPU
		{DD5AD02A-2661-4B24-A728-9239742E02E8}.Debug|Any CPU.ActiveCfg = Debug|Any CPU
		{DD5AD02A-2661-4B24-A728-9239742E02E8}.Debug|Any CPU.Build.0 = Debug|Any CPU
		{DD5AD02A-2661-4B24-A728-9239742E02E8}.Debug|x64.ActiveCfg = Debug|Any CPU
		{DD5AD02A-2661-4B24-A728-9239742E02E8}.Debug|x64.Build.0 = Debug|Any CPU
		{DD5AD02A-2661-4B24-A728-9239742E02E8}.Debug|x86.ActiveCfg = Debug|Any CPU
		{DD5AD02A-2661-4B24-A728-9239742E02E8}.Debug|x86.Build.0 = Debug|Any CPU
		{DD5AD02A-2661-4B24-A728-9239742E02E8}.Release|Any CPU.ActiveCfg = Release|Any CPU
		{DD5AD02A-2661-4B24-A728-9239742E02E8}.Release|Any CPU.Build.0 = Release|Any CPU
		{DD5AD02A-2661-4B24-A728-9239742E02E8}.Release|x64.ActiveCfg = Release|Any CPU
		{DD5AD02A-2661-4B24-A728-9239742E02E8}.Release|x64.Build.0 = Release|Any CPU
		{DD5AD02A-2661-4B24-A728-9239742E02E8}.Release|x86.ActiveCfg = Release|Any CPU
		{DD5AD02A-2661-4B24-A728-9239742E02E8}.Release|x86.Build.0 = Release|Any CPU
	EndGlobalSection
	GlobalSection(SolutionProperties) = preSolution
		HideSolutionNode = FALSE
	EndGlobalSection
	GlobalSection(NestedProjects) = preSolution
		{DD2C13D0-5D9E-44B4-9122-34F50485C63C} = {6B6A9D20-1EA0-9357-3B09-C6BC2B90364F}
		{1B25E981-2B25-442C-9B11-FE58E8B0C19C} = {6B6A9D20-1EA0-9357-3B09-C6BC2B90364F}
		{EA258494-546F-4341-AF3E-6AB2106C6A46} = {6B6A9D20-1EA0-9357-3B09-C6BC2B90364F}
		{678DC8D1-B2D2-4081-B1F9-C2E27CC34EB1} = {6B6A9D20-1EA0-9357-3B09-C6BC2B90364F}
		{A5CFC04C-2E5E-401E-9B99-A53C1E7A1C01} = {2FA89949-C014-61E3-9766-4043502A0423}
		{FE5F334F-42A8-462E-903E-F56989E3DFCC} = {2FA89949-C014-61E3-9766-4043502A0423}
		{81B03336-8DDF-4C6D-ABA3-C3AA5D247EE8} = {2FA89949-C014-61E3-9766-4043502A0423}
		{319F285A-1998-413C-A375-921858E627A3} = {2FA89949-C014-61E3-9766-4043502A0423}
		{3EBE9A85-EE77-456F-8F0D-F9272F87CEBF} = {8D788C84-7459-BECA-72E8-1E1C2E9CEC5F}
		{91C58644-6187-4F08-8D27-F0080C3388ED} = {8D788C84-7459-BECA-72E8-1E1C2E9CEC5F}
		{B6EA3DD6-14B7-476B-8C8F-72E3F79FF400} = {8D788C84-7459-BECA-72E8-1E1C2E9CEC5F}
		{C190BCC3-479D-414F-8444-DF14039A6195} = {8D788C84-7459-BECA-72E8-1E1C2E9CEC5F}
		{AED996F7-0038-4DA4-995B-451C5E2E213B} = {9C23BEB0-C365-5515-141F-EE7A25C1AA0E}
		{067DCA67-ABC1-4277-8796-0D7ADCD7B021} = {9C23BEB0-C365-5515-141F-EE7A25C1AA0E}
		{6C3EEE72-5242-4B50-94FF-D361731C9512} = {9C23BEB0-C365-5515-141F-EE7A25C1AA0E}
		{E90C3746-49C5-44B3-8408-82EA13334983} = {9C23BEB0-C365-5515-141F-EE7A25C1AA0E}
		{F0B77A9B-7273-4E06-9CDA-621733DE968B} = {5F149FEA-634F-9274-BEF2-6D58BD1E55D2}
		{B7F2FED3-E589-4FF4-86DF-EC7AA983CF76} = {5F149FEA-634F-9274-BEF2-6D58BD1E55D2}
		{1A462AAA-F5DD-470A-BC55-B4399C6B4F97} = {5F149FEA-634F-9274-BEF2-6D58BD1E55D2}
		{4DD0EE9D-AFE5-4027-ABE6-9D180C4A1134} = {5F149FEA-634F-9274-BEF2-6D58BD1E55D2}
		{DD5AD02A-2661-4B24-A728-9239742E02E8} = {E7BDDBC6-9FD1-D1D7-ACD8-2C4F8E3D2461}
	EndGlobalSection
	GlobalSection(ExtensibilityGlobals) = postSolution
		SolutionGuid = {F1BDA2E6-9D54-4E4A-B6FA-47E70C729D4E}
	EndGlobalSection
EndGlobal
